
Microsoft Visual Studio Solution File, Format Version 12.00
# Visual Studio Version 17
VisualStudioVersion = 17.12.35527.113 d17.12
MinimumVisualStudioVersion = 10.0.40219.1
Project("{FAE04EC0-301F-11D3-BF4B-00C04F79EFBC}") = "HackItOut.UI", "HackItOut.UI\HackItOut.UI.csproj", "{01C22017-1015-4832-AF03-4EA5A79B179E}"
EndProject
Project("{FAE04EC0-301F-11D3-BF4B-00C04F79EFBC}") = "HuckItOut.API", "HuckItOut.API\HuckItOut.API.csproj", "{E79980FC-1C27-47DB-916D-D231675388E5}"
EndProject
Global
	GlobalSection(SolutionConfigurationPlatforms) = preSolution
		Debug|Any CPU = Debug|Any CPU
		Release|Any CPU = Release|Any CPU
	EndGlobalSection
	GlobalSection(ProjectConfigurationPlatforms) = postSolution
		{01C22017-1015-4832-AF03-4EA5A79B179E}.Debug|Any CPU.ActiveCfg = Debug|Any CPU
		{01C22017-1015-4832-AF03-4EA5A79B179E}.Debug|Any CPU.Build.0 = Debug|Any CPU
		{01C22017-1015-4832-AF03-4EA5A79B179E}.Release|Any CPU.ActiveCfg = Release|Any CPU
		{01C22017-1015-4832-AF03-4EA5A79B179E}.Release|Any CPU.Build.0 = Release|Any CPU
		{E79980FC-1C27-47DB-916D-D231675388E5}.Debug|Any CPU.ActiveCfg = Debug|Any CPU
		{E79980FC-1C27-47DB-916D-D231675388E5}.Debug|Any CPU.Build.0 = Debug|Any CPU
		{E79980FC-1C27-47DB-916D-D231675388E5}.Release|Any CPU.ActiveCfg = Release|Any CPU
		{E79980FC-1C27-47DB-916D-D231675388E5}.Release|Any CPU.Build.0 = Release|Any CPU
	EndGlobalSection
	GlobalSection(SolutionProperties) = preSolution
		HideSolutionNode = FALSE
	EndGlobalSection
EndGlobal
